
Microsoft Visual Studio Solution File, Format Version 12.00
# Visual Studio 15
VisualStudioVersion = 15.0.27703.2000
MinimumVisualStudioVersion = 10.0.40219.1
Project("{888888A0-9F3D-457C-B088-3A5042F75D52}") = "uslapi", "uslapi\uslapi.pyproj", "{E09075D8-13B1-4698-9A82-E67120C72D25}"
EndProject
Project("{888888A0-9F3D-457C-B088-3A5042F75D52}") = "uslapi-tests", "uslapi-tests\uslapi-tests.pyproj", "{2243E8F4-DC50-4302-AF62-CBD840C4A196}"
EndProject
Global
	GlobalSection(SolutionConfigurationPlatforms) = preSolution
		Debug|Any CPU = Debug|Any CPU
		Release|Any CPU = Release|Any CPU
	EndGlobalSection
	GlobalSection(ProjectConfigurationPlatforms) = postSolution
		{E09075D8-13B1-4698-9A82-E67120C72D25}.Debug|Any CPU.ActiveCfg = Debug|Any CPU
		{E09075D8-13B1-4698-9A82-E67120C72D25}.Release|Any CPU.ActiveCfg = Release|Any CPU
		{2243E8F4-DC50-4302-AF62-CBD840C4A196}.Debug|Any CPU.ActiveCfg = Debug|Any CPU
		{2243E8F4-DC50-4302-AF62-CBD840C4A196}.Release|Any CPU.ActiveCfg = Release|Any CPU
	EndGlobalSection
	GlobalSection(SolutionProperties) = preSolution
		HideSolutionNode = FALSE
	EndGlobalSection
	GlobalSection(ExtensibilityGlobals) = postSolution
		SolutionGuid = {3022A807-6AE3-4146-B74C-66594743961A}
	EndGlobalSection
EndGlobal
